Microsoft Visual Studio Solution File, Format Version 12.00
# Visual Studio 2012
Project("{FAE04EC0-301F-11D3-BF4B-00C04F79EFBC}") = "HerInTheWoods", "HerInTheWoods.csproj", "{187BBFE1-2C16-4D15-A30A-E6CF1B8DF710}"
EndProject
Global
	GlobalSection(SolutionConfigurationPlatforms) = preSolution
	Debug|Any CPU = Debug|Any CPU
	ExportDebug|Any CPU = ExportDebug|Any CPU
	ExportRelease|Any CPU = ExportRelease|Any CPU
	EndGlobalSection
	GlobalSection(ProjectConfigurationPlatforms) = postSolution
		{187BBFE1-2C16-4D15-A30A-E6CF1B8DF710}.Debug|Any CPU.ActiveCfg = Debug|Any CPU
		{187BBFE1-2C16-4D15-A30A-E6CF1B8DF710}.Debug|Any CPU.Build.0 = Debug|Any CPU
		{187BBFE1-2C16-4D15-A30A-E6CF1B8DF710}.ExportDebug|Any CPU.ActiveCfg = ExportDebug|Any CPU
		{187BBFE1-2C16-4D15-A30A-E6CF1B8DF710}.ExportDebug|Any CPU.Build.0 = ExportDebug|Any CPU
		{187BBFE1-2C16-4D15-A30A-E6CF1B8DF710}.ExportRelease|Any CPU.ActiveCfg = ExportRelease|Any CPU
		{187BBFE1-2C16-4D15-A30A-E6CF1B8DF710}.ExportRelease|Any CPU.Build.0 = ExportRelease|Any CPU
	EndGlobalSection
EndGlobal
